
Microsoft Visual Studio Solution File, Format Version 12.00
# Visual Studio Version 16
VisualStudioVersion = 16.0.29920.165
MinimumVisualStudioVersion = 10.0.40219.1
Project("{FAE04EC0-301F-11D3-BF4B-00C04F79EFBC}") = "carpma", "carpma\carpma.csproj", "{BFDD5E73-4CA5-4394-B7B7-BDDF9D3A871D}"
EndProject
Global
	GlobalSection(SolutionConfigurationPlatforms) = preSolution
		Debug|Any CPU = Debug|Any CPU
		Release|Any CPU = Release|Any CPU
	EndGlobalSection
	GlobalSection(ProjectConfigurationPlatforms) = postSolution
		{BFDD5E73-4CA5-4394-B7B7-BDDF9D3A871D}.Debug|Any CPU.ActiveCfg = Debug|Any CPU
		{BFDD5E73-4CA5-4394-B7B7-BDDF9D3A871D}.Debug|Any CPU.Build.0 = Debug|Any CPU
		{BFDD5E73-4CA5-4394-B7B7-BDDF9D3A871D}.Release|Any CPU.ActiveCfg = Release|Any CPU
		{BFDD5E73-4CA5-4394-B7B7-BDDF9D3A871D}.Release|Any CPU.Build.0 = Release|Any CPU
	EndGlobalSection
	GlobalSection(SolutionProperties) = preSolution
		HideSolutionNode = FALSE
	EndGlobalSection
	GlobalSection(ExtensibilityGlobals) = postSolution
		SolutionGuid = {140BF5A3-3C77-4707-BA50-1C847C891C45}
	EndGlobalSection
EndGlobal
